
Microsoft Visual Studio Solution File, Format Version 12.00
# Visual Studio Version 17
VisualStudioVersion = 17.9.34607.119
MinimumVisualStudioVersion = 10.0.40219.1
Project("{FAE04EC0-301F-11D3-BF4B-00C04F79EFBC}") = "FootballersCatalog", "FootballersCatalog\FootballersCatalog.csproj", "{A20A4998-4843-4B4E-9FFD-6A39AFB88D3F}"
EndProject
Project("{FAE04EC0-301F-11D3-BF4B-00C04F79EFBC}") = "FootballersCatalogCore", "FootballersCatalogCore\FootballersCatalogCore.csproj", "{6D71DCE7-3D02-47BE-859A-22E297B2143E}"
EndProject
Global
	GlobalSection(SolutionConfigurationPlatforms) = preSolution
		Debug|Any CPU = Debug|Any CPU
		Release|Any CPU = Release|Any CPU
	EndGlobalSection
	GlobalSection(ProjectConfigurationPlatforms) = postSolution
		{A20A4998-4843-4B4E-9FFD-6A39AFB88D3F}.Debug|Any CPU.ActiveCfg = Debug|Any CPU
		{A20A4998-4843-4B4E-9FFD-6A39AFB88D3F}.Debug|Any CPU.Build.0 = Debug|Any CPU
		{A20A4998-4843-4B4E-9FFD-6A39AFB88D3F}.Release|Any CPU.ActiveCfg = Release|Any CPU
		{A20A4998-4843-4B4E-9FFD-6A39AFB88D3F}.Release|Any CPU.Build.0 = Release|Any CPU
		{6D71DCE7-3D02-47BE-859A-22E297B2143E}.Debug|Any CPU.ActiveCfg = Debug|Any CPU
		{6D71DCE7-3D02-47BE-859A-22E297B2143E}.Debug|Any CPU.Build.0 = Debug|Any CPU
		{6D71DCE7-3D02-47BE-859A-22E297B2143E}.Release|Any CPU.ActiveCfg = Release|Any CPU
		{6D71DCE7-3D02-47BE-859A-22E297B2143E}.Release|Any CPU.Build.0 = Release|Any CPU
	EndGlobalSection
	GlobalSection(SolutionProperties) = preSolution
		HideSolutionNode = FALSE
	EndGlobalSection
	GlobalSection(ExtensibilityGlobals) = postSolution
		SolutionGuid = {6F6E48DF-4CA8-4B74-B18A-8BACA9720BF2}
	EndGlobalSection
EndGlobal
